{
  "name": "phase-node-demo",
  "version": "1.0.0",
  "lockfileVersion": 3,
  "requires": true,
  "packages": {
    "": {
      "name": "phase-node-demo",
      "version": "1.0.0",
      "license": "MIT",
      "dependencies": {
        "@phase.dev/phase-node": "^2.0.1"
      }
    },
    "node_modules/@phase.dev/phase-node": {
      "version": "2.0.1",
      "resolved": "https://registry.npmjs.org/@phase.dev/phase-node/-/phase-node-2.0.1.tgz",
      "integrity": "sha512-0FzHTvE0OD78oEl5voo3vreFbKulQtURc2Iwa5GRDGCUjwDprJv5z2vhka4Nj/u4L+ofTuNlF0W9/5WLYoAIVA==",
      "dependencies": {
        "libsodium-wrappers": "^0.7.11"
      }
    },
    "node_modules/libsodium": {
      "version": "0.7.11",
      "resolved": "https://registry.npmjs.org/libsodium/-/libsodium-0.7.11.tgz",
      "integrity": "sha512-WPfJ7sS53I2s4iM58QxY3Inb83/6mjlYgcmZs7DJsvDlnmVUwNinBCi5vBT43P6bHRy01O4zsMU2CoVR6xJ40A=="
    },
    "node_modules/libsodium-wrappers": {
      "version": "0.7.11",
      "resolved": "https://registry.npmjs.org/libsodium-wrappers/-/libsodium-wrappers-0.7.11.tgz",
      "integrity": "sha512-SrcLtXj7BM19vUKtQuyQKiQCRJPgbpauzl3s0rSwD+60wtHqSUuqcoawlMDheCJga85nKOQwxNYQxf/CKAvs6Q==",
      "dependencies": {
        "libsodium": "^0.7.11"
      }
    }
  }
}
